
Microsoft Visual Studio Solution File, Format Version 12.00
# Visual Studio 15
VisualStudioVersion = 15.0.27703.2035
MinimumVisualStudioVersion = 10.0.40219.1
Project("{FAE04EC0-301F-11D3-BF4B-00C04F79EFBC}") = "Test", "Test\Test.csproj", "{D24B405C-F7BA-4489-9673-D317BA1DD458}"
EndProject
Global
	GlobalSection(SolutionConfigurationPlatforms) = preSolution
		Debug|Any CPU = Debug|Any CPU
		Release|Any CPU = Release|Any CPU
	EndGlobalSection
	GlobalSection(ProjectConfigurationPlatforms) = postSolution
		{D24B405C-F7BA-4489-9673-D317BA1DD458}.Debug|Any CPU.ActiveCfg = Debug|Any CPU
		{D24B405C-F7BA-4489-9673-D317BA1DD458}.Debug|Any CPU.Build.0 = Debug|Any CPU
		{D24B405C-F7BA-4489-9673-D317BA1DD458}.Release|Any CPU.ActiveCfg = Release|Any CPU
		{D24B405C-F7BA-4489-9673-D317BA1DD458}.Release|Any CPU.Build.0 = Release|Any CPU
	EndGlobalSection
	GlobalSection(SolutionProperties) = preSolution
		HideSolutionNode = FALSE
	EndGlobalSection
	GlobalSection(ExtensibilityGlobals) = postSolution
		SolutionGuid = {4B2F34AB-9377-4E95-8F5D-FC115F039D62}
	EndGlobalSection
EndGlobal
